
Microsoft Visual Studio Solution File, Format Version 10.00
# Visual Studio 2008
Project("{8BC9CEB8-8B4A-11D0-8D11-00A0C91BC942}") = "Tools_MetaDataProcessor", "MetaDataProcessor.vcproj", "{84E90FC3-9AAA-436A-B369-EAB92194EC9E}"
EndProject
Global
	GlobalSection(SolutionConfigurationPlatforms) = preSolution
		Debug|Win32 = Debug|Win32
		Release|Win32 = Release|Win32
	EndGlobalSection
	GlobalSection(ProjectConfigurationPlatforms) = postSolution
		{84E90FC3-9AAA-436A-B369-EAB92194EC9E}.Debug|Win32.ActiveCfg = Debug|Win32
		{84E90FC3-9AAA-436A-B369-EAB92194EC9E}.Debug|Win32.Build.0 = Debug|Win32
		{84E90FC3-9AAA-436A-B369-EAB92194EC9E}.Release|Win32.ActiveCfg = Release|Win32
		{84E90FC3-9AAA-436A-B369-EAB92194EC9E}.Release|Win32.Build.0 = Release|Win32
	EndGlobalSection
	GlobalSection(SolutionProperties) = preSolution
		HideSolutionNode = FALSE
	EndGlobalSection
EndGlobal
